
Microsoft Visual Studio Solution File, Format Version 12.00
# Visual Studio Version 17
VisualStudioVersion = 17.5.33516.290
MinimumVisualStudioVersion = 10.0.40219.1
Project("{FAE04EC0-301F-11D3-BF4B-00C04F79EFBC}") = "HRSystem", "HRSystem.csproj", "{5C517D34-00DA-40C4-BD67-F53F0918FD7A}"
EndProject
Project("{FAE04EC0-301F-11D3-BF4B-00C04F79EFBC}") = "DAO", "..\DAO\DAO.csproj", "{710F1946-DE67-48BD-A575-CE7F9D80B94B}"
EndProject
Project("{FAE04EC0-301F-11D3-BF4B-00C04F79EFBC}") = "Model", "..\Model\Model.csproj", "{C7D1CF8E-C7D5-496A-A318-32F2C6067EE1}"
EndProject
Global
	GlobalSection(SolutionConfigurationPlatforms) = preSolution
		Debug|Any CPU = Debug|Any CPU
		Release|Any CPU = Release|Any CPU
	EndGlobalSection
	GlobalSection(ProjectConfigurationPlatforms) = postSolution
		{5C517D34-00DA-40C4-BD67-F53F0918FD7A}.Debug|Any CPU.ActiveCfg = Debug|Any CPU
		{5C517D34-00DA-40C4-BD67-F53F0918FD7A}.Debug|Any CPU.Build.0 = Debug|Any CPU
		{5C517D34-00DA-40C4-BD67-F53F0918FD7A}.Release|Any CPU.ActiveCfg = Release|Any CPU
		{5C517D34-00DA-40C4-BD67-F53F0918FD7A}.Release|Any CPU.Build.0 = Release|Any CPU
		{710F1946-DE67-48BD-A575-CE7F9D80B94B}.Debug|Any CPU.ActiveCfg = Debug|Any CPU
		{710F1946-DE67-48BD-A575-CE7F9D80B94B}.Debug|Any CPU.Build.0 = Debug|Any CPU
		{710F1946-DE67-48BD-A575-CE7F9D80B94B}.Release|Any CPU.ActiveCfg = Release|Any CPU
		{710F1946-DE67-48BD-A575-CE7F9D80B94B}.Release|Any CPU.Build.0 = Release|Any CPU
		{C7D1CF8E-C7D5-496A-A318-32F2C6067EE1}.Debug|Any CPU.ActiveCfg = Debug|Any CPU
		{C7D1CF8E-C7D5-496A-A318-32F2C6067EE1}.Debug|Any CPU.Build.0 = Debug|Any CPU
		{C7D1CF8E-C7D5-496A-A318-32F2C6067EE1}.Release|Any CPU.ActiveCfg = Release|Any CPU
		{C7D1CF8E-C7D5-496A-A318-32F2C6067EE1}.Release|Any CPU.Build.0 = Release|Any CPU
	EndGlobalSection
	GlobalSection(SolutionProperties) = preSolution
		HideSolutionNode = FALSE
	EndGlobalSection
	GlobalSection(ExtensibilityGlobals) = postSolution
		VisualSVNWorkingCopyRoot = ..
		SolutionGuid = {60207282-73A2-4CCA-8800-1BC40382123E}
	EndGlobalSection
EndGlobal
